// !$*UTF8*$!
{
	archiveVersion = 1;
	classes = {
	};
	objectVersion = 55;
	objects = {

/* Begin PBXBuildFile section */
		CD336048283FE61B00C0926E /* AppDelegate.swift in Sources */ = {isa = PBXBuildFile; fileRef = CD336047283FE61B00C0926E /* AppDelegate.swift */; };
		CD33604A283FE61B00C0926E /* SceneDelegate.swift in Sources */ = {isa = PBXBuildFile; fileRef = CD336049283FE61B00C0926E /* SceneDelegate.swift */; };
		CD33604F283FE61B00C0926E /* Main.storyboard in Resources */ = {isa = PBXBuildFile; fileRef = CD33604D283FE61B00C0926E /* Main.storyboard */; };
		CD336051283FE61C00C0926E /* Assets.xcassets in Resources */ = {isa = PBXBuildFile; fileRef = CD336050283FE61C00C0926E /* Assets.xcassets */; };
		CD336054283FE61C00C0926E /* LaunchScreen.storyboard in Resources */ = {isa = PBXBuildFile; fileRef = CD336052283FE61C00C0926E /* LaunchScreen.storyboard */; };
		CD336061285386EE00C0926E /* CharacterTableViewController.swift in Sources */ = {isa = PBXBuildFile; fileRef = CD336060285386EE00C0926E /* CharacterTableViewController.swift */; };
		CD33606328538F4C00C0926E /* CharacterDetailViewController.swift in Sources */ = {isa = PBXBuildFile; fileRef = CD33606228538F4C00C0926E /* CharacterDetailViewController.swift */; };
		CD33606528538F8300C0926E /* RickAndMorty.swift in Sources */ = {isa = PBXBuildFile; fileRef = CD33606428538F8300C0926E /* RickAndMorty.swift */; };
		CD33606928538FBF00C0926E /* NetworkManager.swift in Sources */ = {isa = PBXBuildFile; fileRef = CD33606828538FBF00C0926E /* NetworkManager.swift */; };
/* End PBXBuildFile section */

/* Begin PBXFileReference section */
		CD336044283FE61B00C0926E /* RickAndMorty.app */ = {isa = PBXFileReference; explicitFileType = wrapper.application; includeInIndex = 0; path = RickAndMorty.app; sourceTree = BUILT_PRODUCTS_DIR; };
		CD336047283FE61B00C0926E /* AppDelegate.swift */ = {isa = PBXFileReference; lastKnownFileType = sourcecode.swift; path = AppDelegate.swift; sourceTree = "<group>"; };
		CD336049283FE61B00C0926E /* SceneDelegate.swift */ = {isa = PBXFileReference; lastKnownFileType = sourcecode.swift; path = SceneDelegate.swift; sourceTree = "<group>"; };
		CD33604E283FE61B00C0926E /* Base */ = {isa = PBXFileReference; lastKnownFileType = file.storyboard; name = Base; path = Base.lproj/Main.storyboard; sourceTree = "<group>"; };
		CD336050283FE61C00C0926E /* Assets.xcassets */ = {isa = PBXFileReference; lastKnownFileType = folder.assetcatalog; path = Assets.xcassets; sourceTree = "<group>"; };
		CD336053283FE61C00C0926E /* Base */ = {isa = PBXFileReference; lastKnownFileType = file.storyboard; name = Base; path = Base.lproj/LaunchScreen.storyboard; sourceTree = "<group>"; };
		CD336055283FE61C00C0926E /* Info.plist */ = {isa = PBXFileReference; lastKnownFileType = text.plist.xml; path = Info.plist; sourceTree = "<group>"; };
		CD336060285386EE00C0926E /* CharacterTableViewController.swift */ = {isa = PBXFileReference; lastKnownFileType = sourcecode.swift; path = CharacterTableViewController.swift; sourceTree = "<group>"; };
		CD33606228538F4C00C0926E /* CharacterDetailViewController.swift */ = {isa = PBXFileReference; lastKnownFileType = sourcecode.swift; path = CharacterDetailViewController.swift; sourceTree = "<group>"; };
		CD33606428538F8300C0926E /* RickAndMorty.swift */ = {isa = PBXFileReference; lastKnownFileType = sourcecode.swift; path = RickAndMorty.swift; sourceTree = "<group>"; };
		CD33606828538FBF00C0926E /* NetworkManager.swift */ = {isa = PBXFileReference; lastKnownFileType = sourcecode.swift; path = NetworkManager.swift; sourceTree = "<group>"; };
/* End PBXFileReference section */

/* Begin PBXFrameworksBuildPhase section */
		CD336041283FE61B00C0926E /* Frameworks */ = {
			isa = PBXFrameworksBuildPhase;
			buildActionMask = 2147483647;
			files = (
			);
			runOnlyForDeploymentPostprocessing = 0;
		};
/* End PBXFrameworksBuildPhase section */

/* Begin PBXGroup section */
		CD33603B283FE61B00C0926E = {
			isa = PBXGroup;
			children = (
				CD336046283FE61B00C0926E /* RickAndMorty */,
				CD336045283FE61B00C0926E /* Products */,
			);
			sourceTree = "<group>";
		};
		CD336045283FE61B00C0926E /* Products */ = {
			isa = PBXGroup;
			children = (
				CD336044283FE61B00C0926E /* RickAndMorty.app */,
			);
			name = Products;
			sourceTree = "<group>";
		};
		CD336046283FE61B00C0926E /* RickAndMorty */ = {
			isa = PBXGroup;
			children = (
				CD33606628538F8B00C0926E /* Models */,
				CD33605C283FE67700C0926E /* ViewControllers */,
				CD33606728538F9E00C0926E /* Services */,
				CD33605D283FE6B100C0926E /* Storyboards */,
				CD33605E283FE6D400C0926E /* Sourse */,
				CD33605B283FE67100C0926E /* App */,
			);
			path = RickAndMorty;
			sourceTree = "<group>";
		};
		CD33605B283FE67100C0926E /* App */ = {
			isa = PBXGroup;
			children = (
				CD336055283FE61C00C0926E /* Info.plist */,
				CD336047283FE61B00C0926E /* AppDelegate.swift */,
				CD336049283FE61B00C0926E /* SceneDelegate.swift */,
			);
			path = App;
			sourceTree = "<group>";
		};
		CD33605C283FE67700C0926E /* ViewControllers */ = {
			isa = PBXGroup;
			children = (
				CD336060285386EE00C0926E /* CharacterTableViewController.swift */,
				CD33606228538F4C00C0926E /* CharacterDetailViewController.swift */,
			);
			path = ViewControllers;
			sourceTree = "<group>";
		};
		CD33605D283FE6B100C0926E /* Storyboards */ = {
			isa = PBXGroup;
			children = (
				CD33604D283FE61B00C0926E /* Main.storyboard */,
				CD336052283FE61C00C0926E /* LaunchScreen.storyboard */,
			);
			path = Storyboards;
			sourceTree = "<group>";
		};
		CD33605E283FE6D400C0926E /* Sourse */ = {
			isa = PBXGroup;
			children = (
				CD336050283FE61C00C0926E /* Assets.xcassets */,
			);
			path = Sourse;
			sourceTree = "<group>";
		};
		CD33606628538F8B00C0926E /* Models */ = {
			isa = PBXGroup;
			children = (
				CD33606428538F8300C0926E /* RickAndMorty.swift */,
			);
			path = Models;
			sourceTree = "<group>";
		};
		CD33606728538F9E00C0926E /* Services */ = {
			isa = PBXGroup;
			children = (
				CD33606828538FBF00C0926E /* NetworkManager.swift */,
			);
			path = Services;
			sourceTree = "<group>";
		};
/* End PBXGroup section */

/* Begin PBXNativeTarget section */
		CD336043283FE61B00C0926E /* RickAndMorty */ = {
			isa = PBXNativeTarget;
			buildConfigurationList = CD336058283FE61C00C0926E /* Build configuration list for PBXNativeTarget "RickAndMorty" */;
			buildPhases = (
				CD336040283FE61B00C0926E /* Sources */,
				CD336041283FE61B00C0926E /* Frameworks */,
				CD336042283FE61B00C0926E /* Resources */,
			);
			buildRules = (
			);
			dependencies = (
			);
			name = RickAndMorty;
			productName = RickAndMorty;
			productReference = CD336044283FE61B00C0926E /* RickAndMorty.app */;
			productType = "com.apple.product-type.application";
		};
/* End PBXNativeTarget section */

/* Begin PBXProject section */
		CD33603C283FE61B00C0926E /* Project object */ = {
			isa = PBXProject;
			attributes = {
				BuildIndependentTargetsInParallel = 1;
				LastSwiftUpdateCheck = 1310;
				LastUpgradeCheck = 1310;
				TargetAttributes = {
					CD336043283FE61B00C0926E = {
						CreatedOnToolsVersion = 13.1;
					};
				};
			};
			buildConfigurationList = CD33603F283FE61B00C0926E /* Build configuration list for PBXProject "RickAndMorty" */;
			compatibilityVersion = "Xcode 13.0";
			developmentRegion = en;
			hasScannedForEncodings = 0;
			knownRegions = (
				en,
				Base,
			);
			mainGroup = CD33603B283FE61B00C0926E;
			productRefGroup = CD336045283FE61B00C0926E /* Products */;
			projectDirPath = "";
			projectRoot = "";
			targets = (
				CD336043283FE61B00C0926E /* RickAndMorty */,
			);
		};
/* End PBXProject section */

/* Begin PBXResourcesBuildPhase section */
		CD336042283FE61B00C0926E /* Resources */ = {
			isa = PBXResourcesBuildPhase;
			buildActionMask = 2147483647;
			files = (
				CD336054283FE61C00C0926E /* LaunchScreen.storyboard in Resources */,
				CD336051283FE61C00C0926E /* Assets.xcassets in Resources */,
				CD33604F283FE61B00C0926E /* Main.storyboard in Resources */,
			);
			runOnlyForDeploymentPostprocessing = 0;
		};
/* End PBXResourcesBuildPhase section */

/* Begin PBXSourcesBuildPhase section */
		CD336040283FE61B00C0926E /* Sources */ = {
			isa = PBXSourcesBuildPhase;
			buildActionMask = 2147483647;
			files = (
				CD33606928538FBF00C0926E /* NetworkManager.swift in Sources */,
				CD336048283FE61B00C0926E /* AppDelegate.swift in Sources */,
				CD33606328538F4C00C0926E /* CharacterDetailViewController.swift in Sources */,
				CD336061285386EE00C0926E /* CharacterTableViewController.swift in Sources */,
				CD33606528538F8300C0926E /* RickAndMorty.swift in Sources */,
				CD33604A283FE61B00C0926E /* SceneDelegate.swift in Sources */,
			);
			runOnlyForDeploymentPostprocessing = 0;
		};
/* End PBXSourcesBuildPhase section */

/* Begin PBXVariantGroup section */
		CD33604D283FE61B00C0926E /* Main.storyboard */ = {
			isa = PBXVariantGroup;
			children = (
				CD33604E283FE61B00C0926E /* Base */,
			);
			name = Main.storyboard;
			sourceTree = "<group>";
		};
		CD336052283FE61C00C0926E /* LaunchScreen.storyboard */ = {
			isa = PBXVariantGroup;
			children = (
				CD336053283FE61C00C0926E /* Base */,
			);
			name = LaunchScreen.storyboard;
			sourceTree = "<group>";
		};
/* End PBXVariantGroup section */

/* Begin XCBuildConfiguration section */
		CD336056283FE61C00C0926E /* Debug */ = {
			isa = XCBuildConfiguration;
			buildSettings = {
				ALWAYS_SEARCH_USER_PATHS = NO;
				CLANG_ANALYZER_NONNULL = YES;
				CLANG_ANALYZER_NUMBER_OBJECT_CONVERSION = YES_AGGRESSIVE;
				CLANG_CXX_LANGUAGE_STANDARD = "gnu++17";
				CLANG_CXX_LIBRARY = "libc++";
				CLANG_ENABLE_MODULES = YES;
				CLANG_ENABLE_OBJC_ARC = YES;
				CLANG_ENABLE_OBJC_WEAK = YES;
				CLANG_WARN_BLOCK_CAPTURE_AUTORELEASING = YES;
				CLANG_WARN_BOOL_CONVERSION = YES;
				CLANG_WARN_COMMA = YES;
				CLANG_WARN_CONSTANT_CONVERSION = YES;
				CLANG_WARN_DEPRECATED_OBJC_IMPLEMENTATIONS = YES;
				CLANG_WARN_DIRECT_OBJC_ISA_USAGE = YES_ERROR;
				CLANG_WARN_DOCUMENTATION_COMMENTS = YES;
				CLANG_WARN_EMPTY_BODY = YES;
				CLANG_WARN_ENUM_CONVERSION = YES;
				CLANG_WARN_INFINITE_RECURSION = YES;
				CLANG_WARN_INT_CONVERSION = YES;
				CLANG_WARN_NON_LITERAL_NULL_CONVERSION = YES;
				CLANG_WARN_OBJC_IMPLICIT_RETAIN_SELF = YES;
				CLANG_WARN_OBJC_LITERAL_CONVERSION = YES;
				CLANG_WARN_OBJC_ROOT_CLASS = YES_ERROR;
				CLANG_WARN_QUOTED_INCLUDE_IN_FRAMEWORK_HEADER = YES;
				CLANG_WARN_RANGE_LOOP_ANALYSIS = YES;
				CLANG_WARN_STRICT_PROTOTYPES = YES;
				CLANG_WARN_SUSPICIOUS_MOVE = YES;
				CLANG_WARN_UNGUARDED_AVAILABILITY = YES_AGGRESSIVE;
				CLANG_WARN_UNREACHABLE_CODE = YES;
				CLANG_WARN__DUPLICATE_METHOD_MATCH = YES;
				COPY_PHASE_STRIP = NO;
				DEBUG_INFORMATION_FORMAT = dwarf;
				ENABLE_STRICT_OBJC_MSGSEND = YES;
				ENABLE_TESTABILITY = YES;
				GCC_C_LANGUAGE_STANDARD = gnu11;
				GCC_DYNAMIC_NO_PIC = NO;
				GCC_NO_COMMON_BLOCKS = YES;
				GCC_OPTIMIZATION_LEVEL = 0;
				GCC_PREPROCESSOR_DEFINITIONS = (
					"DEBUG=1",
					"$(inherited)",
				);
				GCC_WARN_64_TO_32_BIT_CONVERSION = YES;
				GCC_WARN_ABOUT_RETURN_TYPE = YES_ERROR;
				GCC_WARN_UNDECLARED_SELECTOR = YES;
				GCC_WARN_UNINITIALIZED_AUTOS = YES_AGGRESSIVE;
				GCC_WARN_UNUSED_FUNCTION = YES;
				GCC_WARN_UNUSED_VARIABLE = YES;
				IPHONEOS_DEPLOYMENT_TARGET = 15.0;
				MTL_ENABLE_DEBUG_INFO = INCLUDE_SOURCE;
				MTL_FAST_MATH = YES;
				ONLY_ACTIVE_ARCH = YES;
				SDKROOT = iphoneos;
				SWIFT_ACTIVE_COMPILATION_CONDITIONS = DEBUG;
				SWIFT_OPTIMIZATION_LEVEL = "-Onone";
			};
			name = Debug;
		};
		CD336057283FE61C00C0926E /* Release */ = {
			isa = XCBuildConfiguration;
			buildSettings = {
				ALWAYS_SEARCH_USER_PATHS = NO;
				CLANG_ANALYZER_NONNULL = YES;
				CLANG_ANALYZER_NUMBER_OBJECT_CONVERSION = YES_AGGRESSIVE;
				CLANG_CXX_LANGUAGE_STANDARD = "gnu++17";
				CLANG_CXX_LIBRARY = "libc++";
				CLANG_ENABLE_MODULES = YES;
				CLANG_ENABLE_OBJC_ARC = YES;
				CLANG_ENABLE_OBJC_WEAK = YES;
				CLANG_WARN_BLOCK_CAPTURE_AUTORELEASING = YES;
				CLANG_WARN_BOOL_CONVERSION = YES;
				CLANG_WARN_COMMA = YES;
				CLANG_WARN_CONSTANT_CONVERSION = YES;
				CLANG_WARN_DEPRECATED_OBJC_IMPLEMENTATIONS = YES;
				CLANG_WARN_DIRECT_OBJC_ISA_USAGE = YES_ERROR;
				CLANG_WARN_DOCUMENTATION_COMMENTS = YES;
				CLANG_WARN_EMPTY_BODY = YES;
				CLANG_WARN_ENUM_CONVERSION = YES;
				CLANG_WARN_INFINITE_RECURSION = YES;
				CLANG_WARN_INT_CONVERSION = YES;
				CLANG_WARN_NON_LITERAL_NULL_CONVERSION = YES;
				CLANG_WARN_OBJC_IMPLICIT_RETAIN_SELF = YES;
				CLANG_WARN_OBJC_LITERAL_CONVERSION = YES;
				CLANG_WARN_OBJC_ROOT_CLASS = YES_ERROR;
				CLANG_WARN_QUOTED_INCLUDE_IN_FRAMEWORK_HEADER = YES;
				CLANG_WARN_RANGE_LOOP_ANALYSIS = YES;
				CLANG_WARN_STRICT_PROTOTYPES = YES;
				CLANG_WARN_SUSPICIOUS_MOVE = YES;
				CLANG_WARN_UNGUARDED_AVAILABILITY = YES_AGGRESSIVE;
				CLANG_WARN_UNREACHABLE_CODE = YES;
				CLANG_WARN__DUPLICATE_METHOD_MATCH = YES;
				COPY_PHASE_STRIP = NO;
				DEBUG_INFORMATION_FORMAT = "dwarf-with-dsym";
				ENABLE_NS_ASSERTIONS = NO;
				ENABLE_STRICT_OBJC_MSGSEND = YES;
				GCC_C_LANGUAGE_STANDARD = gnu11;
				GCC_NO_COMMON_BLOCKS = YES;
				GCC_WARN_64_TO_32_BIT_CONVERSION = YES;
				GCC_WARN_ABOUT_RETURN_TYPE = YES_ERROR;
				GCC_WARN_UNDECLARED_SELECTOR = YES;
				GCC_WARN_UNINITIALIZED_AUTOS = YES_AGGRESSIVE;
				GCC_WARN_UNUSED_FUNCTION = YES;
				GCC_WARN_UNUSED_VARIABLE = YES;
				IPHONEOS_DEPLOYMENT_TARGET = 15.0;
				MTL_ENABLE_DEBUG_INFO = NO;
				MTL_FAST_MATH = YES;
				SDKROOT = iphoneos;
				SWIFT_COMPILATION_MODE = wholemodule;
				SWIFT_OPTIMIZATION_LEVEL = "-O";
				VALIDATE_PRODUCT = YES;
			};
			name = Release;
		};
		CD336059283FE61C00C0926E /* Debug */ = {
			isa = XCBuildConfiguration;
			buildSettings = {
				ASSETCATALOG_COMPILER_APPICON_NAME = AppIcon;
				ASSETCATALOG_COMPILER_GLOBAL_ACCENT_COLOR_NAME = AccentColor;
				CODE_SIGN_STYLE = Automatic;
				CURRENT_PROJECT_VERSION = 1;
				DEVELOPMENT_TEAM = PM8F5XKSQ6;
				GENERATE_INFOPLIST_FILE = YES;
				INFOPLIST_FILE = RickAndMorty/Info.plist;
				INFOPLIST_KEY_UIApplicationSupportsIndirectInputEvents = YES;
				INFOPLIST_KEY_UILaunchStoryboardName = LaunchScreen;
				INFOPLIST_KEY_UIMainStoryboardFile = Main;
				INFOPLIST_KEY_UISupportedInterfaceOrientations_iPad = "UIInterfaceOrientationPortrait UIInterfaceOrientationPortraitUpsideDown UIInterfaceOrientationLandscapeLeft UIInterfaceOrientationLandscapeRight";
				INFOPLIST_KEY_UISupportedInterfaceOrientations_iPhone = "UIInterfaceOrientationPortrait UIInterfaceOrientationLandscapeLeft UIInterfaceOrientationLandscapeRight";
				LD_RUNPATH_SEARCH_PATHS = (
					"$(inherited)",
					"@executable_path/Frameworks",
				);
				MARKETING_VERSION = 1.0;
				PRODUCT_BUNDLE_IDENTIFIER = product.RickAndMorty;
				PRODUCT_NAME = "$(TARGET_NAME)";
				SWIFT_EMIT_LOC_STRINGS = YES;
				SWIFT_VERSION = 5.0;
				TARGETED_DEVICE_FAMILY = "1,2";
			};
			name = Debug;
		};
		CD33605A283FE61C00C0926E /* Release */ = {
			isa = XCBuildConfiguration;
			buildSettings = {
				ASSETCATALOG_COMPILER_APPICON_NAME = AppIcon;
				ASSETCATALOG_COMPILER_GLOBAL_ACCENT_COLOR_NAME = AccentColor;
				CODE_SIGN_STYLE = Automatic;
				CURRENT_PROJECT_VERSION = 1;
				DEVELOPMENT_TEAM = PM8F5XKSQ6;
				GENERATE_INFOPLIST_FILE = YES;
				INFOPLIST_FILE = RickAndMorty/Info.plist;
				INFOPLIST_KEY_UIApplicationSupportsIndirectInputEvents = YES;
				INFOPLIST_KEY_UILaunchStoryboardName = LaunchScreen;
				INFOPLIST_KEY_UIMainStoryboardFile = Main;
				INFOPLIST_KEY_UISupportedInterfaceOrientations_iPad = "UIInterfaceOrientationPortrait UIInterfaceOrientationPortraitUpsideDown UIInterfaceOrientationLandscapeLeft UIInterfaceOrientationLandscapeRight";
				INFOPLIST_KEY_UISupportedInterfaceOrientations_iPhone = "UIInterfaceOrientationPortrait UIInterfaceOrientationLandscapeLeft UIInterfaceOrientationLandscapeRight";
				LD_RUNPATH_SEARCH_PATHS = (
					"$(inherited)",
					"@executable_path/Frameworks",
				);
				MARKETING_VERSION = 1.0;
				PRODUCT_BUNDLE_IDENTIFIER = product.RickAndMorty;
				PRODUCT_NAME = "$(TARGET_NAME)";
				SWIFT_EMIT_LOC_STRINGS = YES;
				SWIFT_VERSION = 5.0;
				TARGETED_DEVICE_FAMILY = "1,2";
			};
			name = Release;
		};
/* End XCBuildConfiguration section */

/* Begin XCConfigurationList section */
		CD33603F283FE61B00C0926E /* Build configuration list for PBXProject "RickAndMorty" */ = {
			isa = XCConfigurationList;
			buildConfigurations = (
				CD336056283FE61C00C0926E /* Debug */,
				CD336057283FE61C00C0926E /* Release */,
			);
			defaultConfigurationIsVisible = 0;
			defaultConfigurationName = Release;
		};
		CD336058283FE61C00C0926E /* Build configuration list for PBXNativeTarget "RickAndMorty" */ = {
			isa = XCConfigurationList;
			buildConfigurations = (
				CD336059283FE61C00C0926E /* Debug */,
				CD33605A283FE61C00C0926E /* Release */,
			);
			defaultConfigurationIsVisible = 0;
			defaultConfigurationName = Release;
		};
/* End XCConfigurationList section */
	};
	rootObject = CD33603C283FE61B00C0926E /* Project object */;
}
